<?xml version="1.0" encoding="utf-8"?>
<Project ToolsVersion="4.0" xmlns="http://schemas.microsoft.com/developer/msbuild/2003">
  <ItemGroup>
    <Filter Include="소스 파일">
      <UniqueIdentifier>{4FC737F1-C7A5-4376-A066-2A32D752A2FF}</UniqueIdentifier>
      <Extensions>cpp;c;cc;cxx;c++;cppm;ixx;def;odl;idl;hpj;bat;asm;asmx</Extensions>
    </Filter>
    <Filter Include="헤더 파일">
      <UniqueIdentifier>{93995380-89BD-4b04-88EB-625FBE52EBFB}</UniqueIdentifier>
      <Extensions>h;hh;hpp;hxx;h++;hm;inl;inc;ipp;xsd</Extensions>
    </Filter>
    <Filter Include="리소스 파일">
      <UniqueIdentifier>{67DA6AB6-F800-4c08-8B7A-83BB121AAD01}</UniqueIdentifier>
      <Extensions>rc;ico;cur;bmp;dlg;rc2;rct;bin;rgs;gif;jpg;jpeg;jpe;resx;tiff;tif;png;wav;mfcribbon-ms</Extensions>
    </Filter>
  </ItemGroup>
  <ItemGroup>
    <ClCompile Include="01. 구조체.cpp">
      <Filter>소스 파일</Filter>
    </ClCompile>
    <ClCompile Include="02. 구조체퀴즈.cpp">
      <Filter>소스 파일</Filter>
    </ClCompile>
    <ClCompile Include="03. 네임스페이스 퀴즈.cpp">
      <Filter>소스 파일</Filter>
    </ClCompile>
    <ClCompile Include="04. 명시적,묵시적 형변환.cpp">
      <Filter>소스 파일</Filter>
    </ClCompile>
    <ClCompile Include="05. 함수 퀴즈.cpp">
      <Filter>소스 파일</Filter>
    </ClCompile>
    <ClCompile Include="06. 인라인 함수.cpp">
      <Filter>소스 파일</Filter>
    </ClCompile>
    <ClCompile Include="07. 재귀함수.cpp">
      <Filter>소스 파일</Filter>
    </ClCompile>
    <ClCompile Include="08. 클래스 밖 선언.cpp">
      <Filter>소스 파일</Filter>
    </ClCompile>
    <ClCompile Include="09. 클래스 선언 퀴즈.cpp">
      <Filter>소스 파일</Filter>
    </ClCompile>
    <ClCompile Include="10. 생성자와 소멸자.cpp">
      <Filter>소스 파일</Filter>
    </ClCompile>
    <ClCompile Include="11. 생성자와 소멸자 퀴즈.cpp">
      <Filter>소스 파일</Filter>
    </ClCompile>
    <ClCompile Include="12. 상속.cpp">
      <Filter>소스 파일</Filter>
    </ClCompile>
    <ClCompile Include="13. 상속 퀴즈.cpp">
      <Filter>소스 파일</Filter>
    </ClCompile>
    <ClCompile Include="14. 다중상속 퀴즈.cpp">
      <Filter>소스 파일</Filter>
    </ClCompile>
    <ClCompile Include="15. 클래스 포인터 퀴즈.cpp">
      <Filter>소스 파일</Filter>
    </ClCompile>
    <ClCompile Include="16. 생성자 상속.cpp">
      <Filter>소스 파일</Filter>
    </ClCompile>
    <ClCompile Include="17. 생성자 상속 퀴즈.cpp">
      <Filter>소스 파일</Filter>
    </ClCompile>
    <ClCompile Include="18. 복사 생성자.cpp">
      <Filter>소스 파일</Filter>
    </ClCompile>
    <ClCompile Include="19. 얕은복사 함수 만들기.cpp">
      <Filter>소스 파일</Filter>
    </ClCompile>
    <ClCompile Include="20. 깊은 복사 함수 만들기.cpp">
      <Filter>소스 파일</Filter>
    </ClCompile>
    <ClCompile Include="21. friend 함수.cpp">
      <Filter>소스 파일</Filter>
    </ClCompile>
    <ClCompile Include="22. friend 함수 퀴즈.cpp">
      <Filter>소스 파일</Filter>
    </ClCompile>
    <ClCompile Include="23. 클래스배열.cpp">
      <Filter>소스 파일</Filter>
    </ClCompile>
    <ClCompile Include="24. 포인터.cpp">
      <Filter>소스 파일</Filter>
    </ClCompile>
  </ItemGroup>
</Project>