<?xml version="1.0" encoding="utf-8"?>
<Project ToolsVersion="4.0" xmlns="http://schemas.microsoft.com/developer/msbuild/2003">
  <ItemGroup>
    <Filter Include="소스 파일">
      <UniqueIdentifier>{4FC737F1-C7A5-4376-A066-2A32D752A2FF}</UniqueIdentifier>
      <Extensions>cpp;c;cc;cxx;c++;cppm;ixx;def;odl;idl;hpj;bat;asm;asmx</Extensions>
    </Filter>
    <Filter Include="헤더 파일">
      <UniqueIdentifier>{93995380-89BD-4b04-88EB-625FBE52EBFB}</UniqueIdentifier>
      <Extensions>h;hh;hpp;hxx;h++;hm;inl;inc;ipp;xsd</Extensions>
    </Filter>
    <Filter Include="리소스 파일">
      <UniqueIdentifier>{67DA6AB6-F800-4c08-8B7A-83BB121AAD01}</UniqueIdentifier>
      <Extensions>rc;ico;cur;bmp;dlg;rc2;rct;bin;rgs;gif;jpg;jpeg;jpe;resx;tiff;tif;png;wav;mfcribbon-ms</Extensions>
    </Filter>
  </ItemGroup>
  <ItemGroup>
    <ClCompile Include="65.1 동적할당.cpp">
      <Filter>소스 파일</Filter>
    </ClCompile>
    <ClCompile Include="65.2 배열 동적할당.cpp">
      <Filter>소스 파일</Filter>
    </ClCompile>
    <ClCompile Include="65.3 객체 동적할당.cpp">
      <Filter>소스 파일</Filter>
    </ClCompile>
    <ClCompile Include="66.1 깊은복사와 얕은복사.cpp">
      <Filter>소스 파일</Filter>
    </ClCompile>
    <ClCompile Include="66.2 객체의 깊은복사 얕은복사.cpp">
      <Filter>소스 파일</Filter>
    </ClCompile>
    <ClCompile Include="67.1 객체의 복사 생성자 오버로딩.cpp">
      <Filter>소스 파일</Filter>
    </ClCompile>
    <ClCompile Include="68.1 대입 연산자 오버로딩.cpp">
      <Filter>소스 파일</Filter>
    </ClCompile>
    <ClCompile Include="68.2 대입 연산자 오버로딩 실습.cpp">
      <Filter>소스 파일</Filter>
    </ClCompile>
    <ClCompile Include="69.1 이동시맨틱.cpp">
      <Filter>소스 파일</Filter>
    </ClCompile>
    <ClCompile Include="70.1 이동시멘틱(이동생성자와 이동대입연산자).cpp">
      <Filter>소스 파일</Filter>
    </ClCompile>
    <ClCompile Include="71.1 묵시적 형변환.cpp">
      <Filter>소스 파일</Filter>
    </ClCompile>
    <ClCompile Include="72.1 묵시적 형변환.cpp">
      <Filter>소스 파일</Filter>
    </ClCompile>
    <ClCompile Include="72.2 묵시적 형변환 방지법.cpp">
      <Filter>소스 파일</Filter>
    </ClCompile>
  </ItemGroup>
</Project>